
Microsoft Visual Studio Solution File, Format Version 12.00
# Visual Studio Version 18
VisualStudioVersion = 18.0.11005.162 d18.0
MinimumVisualStudioVersion = 10.0.40219.1
Project("{8BC9CEB8-8B4A-11D0-8D11-00A0C91BC942}") = "gamesample_redesign01", "gamesample_redesign01.vcxproj", "{DEE20689-AFFF-41DD-9E53-15BC407E07EB}"
EndProject
Global
	GlobalSection(SolutionConfigurationPlatforms) = preSolution
		Debug|x64 = Debug|x64
		Debug|x86 = Debug|x86
		Release|x64 = Release|x64
		Release|x86 = Release|x86
	EndGlobalSection
	GlobalSection(ProjectConfigurationPlatforms) = postSolution
		{DEE20689-AFFF-41DD-9E53-15BC407E07EB}.Debug|x64.ActiveCfg = Debug|x64
		{DEE20689-AFFF-41DD-9E53-15BC407E07EB}.Debug|x64.Build.0 = Debug|x64
		{DEE20689-AFFF-41DD-9E53-15BC407E07EB}.Debug|x86.ActiveCfg = Debug|Win32
		{DEE20689-AFFF-41DD-9E53-15BC407E07EB}.Debug|x86.Build.0 = Debug|Win32
		{DEE20689-AFFF-41DD-9E53-15BC407E07EB}.Release|x64.ActiveCfg = Release|x64
		{DEE20689-AFFF-41DD-9E53-15BC407E07EB}.Release|x64.Build.0 = Release|x64
		{DEE20689-AFFF-41DD-9E53-15BC407E07EB}.Release|x86.ActiveCfg = Release|Win32
		{DEE20689-AFFF-41DD-9E53-15BC407E07EB}.Release|x86.Build.0 = Release|Win32
	EndGlobalSection
	GlobalSection(SolutionProperties) = preSolution
		HideSolutionNode = FALSE
	EndGlobalSection
	GlobalSection(ExtensibilityGlobals) = postSolution
		SolutionGuid = {D644A2E7-A965-4EF2-8452-E6F6C755A3F4}
	EndGlobalSection
EndGlobal
